
Microsoft Visual Studio Solution File, Format Version 12.00
# Visual Studio Version 16
VisualStudioVersion = 16.0.31624.102
MinimumVisualStudioVersion = 10.0.40219.1
Project("{9A19103F-16F7-4668-BE54-9A1E7A4F7556}") = "IESSRTools.Desktop", "IESSRTools.Desktop\IESSRTools.Desktop.csproj", "{FC0CCFD7-BAB3-4F0F-BB03-92C3391A6B77}"
EndProject
Project("{9A19103F-16F7-4668-BE54-9A1E7A4F7556}") = "IESSRTools.Core", "IESSRTools.Core\IESSRTools.Core.csproj", "{632C79E0-259F-4BE5-8BAB-EF62F60521AA}"
EndProject
Project("{9A19103F-16F7-4668-BE54-9A1E7A4F7556}") = "IESSRTools.Core.Test", "IESSRTools.Core.Test\IESSRTools.Core.Test.csproj", "{B3B3BCC3-6657-458F-9C28-E564F5C9E41C}"
EndProject
Project("{FAE04EC0-301F-11D3-BF4B-00C04F79EFBC}") = "IESSRTools.AddIn.Excel", "IESSRTools.AddIn.Excel\IESSRTools.AddIn.Excel.csproj", "{885B2201-9937-402D-9391-264AF26369EB}"
EndProject
Project("{FAE04EC0-301F-11D3-BF4B-00C04F79EFBC}") = "IESSRTools.Core.DotNetFramework", "IESSRTools.Core.DotNetFramework\IESSRTools.Core.DotNetFramework.csproj", "{003A2C30-46C2-43EA-9095-8F80784C3C3A}"
EndProject
Project("{FAE04EC0-301F-11D3-BF4B-00C04F79EFBC}") = "IESSRTools.Core.DotNetFramework.Test", "IESSRTools.Core.DotNetFramework.Test\IESSRTools.Core.DotNetFramework.Test.csproj", "{701E72A4-1DD5-4B60-991B-DE9D5AFE2413}"
EndProject
Project("{FAE04EC0-301F-11D3-BF4B-00C04F79EFBC}") = "IESSRTools.AddIn.PowerPoint", "IESSRTools.AddIn.PowerPoint\IESSRTools.AddIn.PowerPoint.csproj", "{8DAD0356-AE52-4110-B811-4A72E4F6870B}"
EndProject
Project("{FAE04EC0-301F-11D3-BF4B-00C04F79EFBC}") = "IESSRTools.AddIn.Word", "IESSRTools.AddIn.Word\IESSRTools.AddIn.Word.csproj", "{FAD561F1-DD8E-4034-A0E1-4FE3F0D02006}"
EndProject
Global
	GlobalSection(SolutionConfigurationPlatforms) = preSolution
		Debug|Any CPU = Debug|Any CPU
		Release|Any CPU = Release|Any CPU
	EndGlobalSection
	GlobalSection(ProjectConfigurationPlatforms) = postSolution
		{FC0CCFD7-BAB3-4F0F-BB03-92C3391A6B77}.Debug|Any CPU.ActiveCfg = Debug|Any CPU
		{FC0CCFD7-BAB3-4F0F-BB03-92C3391A6B77}.Debug|Any CPU.Build.0 = Debug|Any CPU
		{FC0CCFD7-BAB3-4F0F-BB03-92C3391A6B77}.Release|Any CPU.ActiveCfg = Release|Any CPU
		{FC0CCFD7-BAB3-4F0F-BB03-92C3391A6B77}.Release|Any CPU.Build.0 = Release|Any CPU
		{632C79E0-259F-4BE5-8BAB-EF62F60521AA}.Debug|Any CPU.ActiveCfg = Debug|Any CPU
		{632C79E0-259F-4BE5-8BAB-EF62F60521AA}.Debug|Any CPU.Build.0 = Debug|Any CPU
		{632C79E0-259F-4BE5-8BAB-EF62F60521AA}.Release|Any CPU.ActiveCfg = Release|Any CPU
		{632C79E0-259F-4BE5-8BAB-EF62F60521AA}.Release|Any CPU.Build.0 = Release|Any CPU
		{B3B3BCC3-6657-458F-9C28-E564F5C9E41C}.Debug|Any CPU.ActiveCfg = Debug|Any CPU
		{B3B3BCC3-6657-458F-9C28-E564F5C9E41C}.Debug|Any CPU.Build.0 = Debug|Any CPU
		{B3B3BCC3-6657-458F-9C28-E564F5C9E41C}.Release|Any CPU.ActiveCfg = Release|Any CPU
		{B3B3BCC3-6657-458F-9C28-E564F5C9E41C}.Release|Any CPU.Build.0 = Release|Any CPU
		{885B2201-9937-402D-9391-264AF26369EB}.Debug|Any CPU.ActiveCfg = Debug|Any CPU
		{885B2201-9937-402D-9391-264AF26369EB}.Debug|Any CPU.Build.0 = Debug|Any CPU
		{885B2201-9937-402D-9391-264AF26369EB}.Release|Any CPU.ActiveCfg = Release|Any CPU
		{885B2201-9937-402D-9391-264AF26369EB}.Release|Any CPU.Build.0 = Release|Any CPU
		{003A2C30-46C2-43EA-9095-8F80784C3C3A}.Debug|Any CPU.ActiveCfg = Debug|Any CPU
		{003A2C30-46C2-43EA-9095-8F80784C3C3A}.Debug|Any CPU.Build.0 = Debug|Any CPU
		{003A2C30-46C2-43EA-9095-8F80784C3C3A}.Release|Any CPU.ActiveCfg = Release|Any CPU
		{003A2C30-46C2-43EA-9095-8F80784C3C3A}.Release|Any CPU.Build.0 = Release|Any CPU
		{701E72A4-1DD5-4B60-991B-DE9D5AFE2413}.Debug|Any CPU.ActiveCfg = Debug|Any CPU
		{701E72A4-1DD5-4B60-991B-DE9D5AFE2413}.Debug|Any CPU.Build.0 = Debug|Any CPU
		{701E72A4-1DD5-4B60-991B-DE9D5AFE2413}.Release|Any CPU.ActiveCfg = Release|Any CPU
		{701E72A4-1DD5-4B60-991B-DE9D5AFE2413}.Release|Any CPU.Build.0 = Release|Any CPU
		{8DAD0356-AE52-4110-B811-4A72E4F6870B}.Debug|Any CPU.ActiveCfg = Debug|Any CPU
		{8DAD0356-AE52-4110-B811-4A72E4F6870B}.Debug|Any CPU.Build.0 = Debug|Any CPU
		{8DAD0356-AE52-4110-B811-4A72E4F6870B}.Release|Any CPU.ActiveCfg = Release|Any CPU
		{8DAD0356-AE52-4110-B811-4A72E4F6870B}.Release|Any CPU.Build.0 = Release|Any CPU
		{FAD561F1-DD8E-4034-A0E1-4FE3F0D02006}.Debug|Any CPU.ActiveCfg = Debug|Any CPU
		{FAD561F1-DD8E-4034-A0E1-4FE3F0D02006}.Debug|Any CPU.Build.0 = Debug|Any CPU
		{FAD561F1-DD8E-4034-A0E1-4FE3F0D02006}.Release|Any CPU.ActiveCfg = Release|Any CPU
		{FAD561F1-DD8E-4034-A0E1-4FE3F0D02006}.Release|Any CPU.Build.0 = Release|Any CPU
	EndGlobalSection
	GlobalSection(SolutionProperties) = preSolution
		HideSolutionNode = FALSE
	EndGlobalSection
	GlobalSection(ExtensibilityGlobals) = postSolution
		SolutionGuid = {CB35578E-AC7B-48E4-8871-520B3FEDC6EC}
	EndGlobalSection
EndGlobal
